name: null
channels:
  - defaults
dependencies:
  - _libgcc_mutex=0.1=main
  - ca-certificates=2022.3.29=h06a4308_0
  - certifi=2021.10.8=py38h06a4308_2
  - ld_impl_linux-64=2.35.1=h7274673_9
  - libffi=3.3=he6710b0_2
  - libgcc-ng=9.1.0=hdf63c60_0
  - libstdcxx-ng=9.1.0=hdf63c60_0
  - ncurses=6.3=h7f8727e_2
  - openssl=1.1.1n=h7f8727e_0
  - pip=21.2.4=py38h06a4308_0
  - python=3.8.13=h12debd9_0
  - readline=8.1.2=h7f8727e_1
  - setuptools=58.0.4=py38h06a4308_0
  - sqlite=3.38.2=hc218d9a_0
  - tk=8.6.11=h1ccaba5_0
  - wheel=0.37.1=pyhd3eb1b0_0
  - xz=5.2.5=h7b6447c_0
  - zlib=1.2.11=h7f8727e_4
  - pip:
    - altair==4.2.0
    - anytree==2.8.0
    - asttokens==2.0.5
    - astunparse==1.6.3
    - attrs==21.4.0
    - backcall==0.2.0
    - blessings==1.7
    - bpython==0.22.1
    - charset-normalizer==2.0.12
    - click==8.1.2
    - curtsies==0.3.10
    - cwcwidth==0.1.6
    - cycler==0.11.0
    - decorator==5.1.1
    - deepmerge==1.0.1
    - descartes==1.1.0
    - docutils==0.18.1
    - entrypoints==0.4
    - executing==0.8.3
    - flit==3.7.1
    - flit-core==3.7.1
    - fonttools==4.31.2
    - ghp-import==2.0.2
    - gitdb==4.0.9
    - gitpython==3.1.27
    - greenlet==1.1.2
    - griffe==0.16.0
    - idna==3.3
    - immutabledict==2.2.1
    - importlib-metadata==4.11.3
    - importlib-resources==5.6.0
    - iniconfig==1.1.1
    - intervaltree==3.1.0
    - ipython==8.2.0
    - jedi==0.18.1
    - jinja2==3.1.1
    - jsonschema==4.4.0
    - kiwisolver==1.4.2
    - markdown==3.3.6
    - markupsafe==2.1.1
    - matplotlib==3.5.1
    - matplotlib-inline==0.1.3
    - mdutils==1.3.1
    - mergedeep==1.3.4
    - mizani==0.7.4
    - mkdocs==1.3.0
    - mkdocs-autorefs==0.4.1
    - mkdocs-material==8.2.8
    - mkdocs-material-extensions==1.0.3
    - mkdocstrings==0.18.1
    - mkdocstrings-python==0.6.6
    - mkdocstrings-python-legacy==0.2.2
    - more-itertools==8.12.0
    - numpy==1.22.3
    - packaging==21.3
    - palettable==3.3.0
    - pandas==1.4.2
    - parse==1.19.0
    - parso==0.8.3
    - patsy==0.5.2
    - pexpect==4.8.0
    - pickleshare==0.7.5
    - pillow==9.1.0
    - plotly==5.7.0
    - plotnine==0.8.0
    - pluggy==1.0.0
    - prompt-toolkit==3.0.29
    - ptyprocess==0.7.0
    - pudb==2022.1.1
    - pure-eval==0.2.2
    - py==1.11.0
    - pygments==2.11.2
    - pymdown-extensions==9.3
    - pyparsing==3.0.7
    - pyrsistent==0.18.1
    - pytest==7.1.1
    - pytest-pudb==0.7.0
    - python-dateutil==2.8.2
    - python-frontmatter==1.0.0
    - pytkdocs==0.16.1
    - pytz==2022.1
    - pyxdg==0.27
    - pyyaml==6.0
    - pyyaml-env-tag==0.1
    - requests==2.27.1
    - scipy==1.8.0
    - seaborn==0.11.2
    - six==1.16.0
    - smmap==5.0.0
    - sortedcontainers==2.4.0
    - stack-data==0.2.0
    - statsmodels==0.13.2
    - tabulate==0.8.9
    - tenacity==8.0.1
    - tomli==2.0.1
    - tomli-w==1.0.0
    - toolz==0.11.2
    - traitlets==5.1.1
    - typer==0.4.1
    - typing-extensions==4.1.1
    - urllib3==1.26.9
    - urwid==2.1.2
    - urwid-readline==0.13
    - watchdog==2.1.7
    - wcwidth==0.2.5
    - zipp==3.8.0

